<?xml version="1.0" encoding="utf-8"?>
<Project ToolsVersion="4.0" xmlns="http://schemas.microsoft.com/developer/msbuild/2003">
  <ItemGroup>
    <Filter Include="Include">
      <UniqueIdentifier>{93995380-89BD-4b04-88EB-625FBE52EBFB}</UniqueIdentifier>
      <Extensions>h;hh;hpp;hxx;h++;hm;inl;inc;ipp;xsd</Extensions>
    </Filter>
    <Filter Include="Src">
      <UniqueIdentifier>{4FC737F1-C7A5-4376-A066-2A32D752A2FF}</UniqueIdentifier>
      <Extensions>cpp;c;cc;cxx;c++;cppm;ixx;def;odl;idl;hpj;bat;asm;asmx</Extensions>
    </Filter>
    <Filter Include="Src\Component">
      <UniqueIdentifier>{86778948-5859-48ae-b1bf-89f7cf4cd1a8}</UniqueIdentifier>
    </Filter>
    <Filter Include="Src\Effect">
      <UniqueIdentifier>{a67193e3-4366-4cc3-8211-767d623819a0}</UniqueIdentifier>
    </Filter>
    <Filter Include="Src\Graphics">
      <UniqueIdentifier>{b4477397-a1a7-45a4-9cce-975f45e582bf}</UniqueIdentifier>
    </Filter>
    <Filter Include="Src\Hierarchy">
      <UniqueIdentifier>{de9ed9bd-49f8-4174-9efe-58a35cbde2ee}</UniqueIdentifier>
    </Filter>
    <Filter Include="Src\Utils">
      <UniqueIdentifier>{a6fd8976-8ccc-4e67-bfe2-6fdc0fdfc904}</UniqueIdentifier>
    </Filter>
    <Filter Include="Include\Component">
      <UniqueIdentifier>{820babd6-0e71-4a48-9235-7cb82dcb4392}</UniqueIdentifier>
    </Filter>
    <Filter Include="Include\Effect">
      <UniqueIdentifier>{b8427a13-2bcb-4be6-89b7-9dc0cf853d97}</UniqueIdentifier>
    </Filter>
    <Filter Include="Include\Graphics">
      <UniqueIdentifier>{62c384e5-8c74-40d2-b1be-8e4c51fb4f39}</UniqueIdentifier>
    </Filter>
    <Filter Include="Include\Utils">
      <UniqueIdentifier>{e6ac5681-91f3-4e57-94cd-4c550ff4daa1}</UniqueIdentifier>
    </Filter>
    <Filter Include="Include\HLSL">
      <UniqueIdentifier>{bcbf6bbd-3ad6-44c4-b8db-ab52c4c4b1c1}</UniqueIdentifier>
    </Filter>
    <Filter Include="Src\Imgui">
      <UniqueIdentifier>{27fd3a12-de40-48ee-9434-112272060523}</UniqueIdentifier>
    </Filter>
    <Filter Include="Include\Hierarchy">
      <UniqueIdentifier>{e250556e-dbd1-45a2-a083-c71800e01f71}</UniqueIdentifier>
    </Filter>
    <Filter Include="Include\HLSL\BasicEffect">
      <UniqueIdentifier>{cbc5908c-fa69-4fad-af05-68b162331f57}</UniqueIdentifier>
    </Filter>
    <Filter Include="Include\HLSL\FluidEffect">
      <UniqueIdentifier>{2b20643d-507b-489a-8112-9f05514c1537}</UniqueIdentifier>
    </Filter>
    <Filter Include="Include\HLSL\SkyEffect">
      <UniqueIdentifier>{a62c664c-99c4-4a43-be0e-b832d790c437}</UniqueIdentifier>
    </Filter>
  </ItemGroup>
  <ItemGroup>
    <ClCompile Include="..\..\Src\Component\Camera.cpp">
      <Filter>Src\Component</Filter>
    </ClCompile>
    <ClCompile Include="..\..\Src\Component\Transform.cpp">
      <Filter>Src\Component</Filter>
    </ClCompile>
    <ClCompile Include="..\..\Src\Effect\BasicEffect.cpp">
      <Filter>Src\Effect</Filter>
    </ClCompile>
    <ClCompile Include="..\..\Src\Effect\EffectHelper.cpp">
      <Filter>Src\Effect</Filter>
    </ClCompile>
    <ClCompile Include="..\..\Src\Effect\SkyEffect.cpp">
      <Filter>Src\Effect</Filter>
    </ClCompile>
    <ClCompile Include="..\..\Src\Effect\SkyRender.cpp">
      <Filter>Src\Effect</Filter>
    </ClCompile>
    <ClCompile Include="..\..\Src\Graphics\d3dApp.cpp">
      <Filter>Src\Graphics</Filter>
    </ClCompile>
    <ClCompile Include="..\..\Src\Graphics\DDSTextureLoader.cpp">
      <Filter>Src\Graphics</Filter>
    </ClCompile>
    <ClCompile Include="..\..\Src\Graphics\WICTextureLoader.cpp">
      <Filter>Src\Graphics</Filter>
    </ClCompile>
    <ClCompile Include="..\..\Src\Hierarchy\GameObject.cpp">
      <Filter>Src\Hierarchy</Filter>
    </ClCompile>
    <ClCompile Include="..\..\Src\Utils\Collision.cpp">
      <Filter>Src\Utils</Filter>
    </ClCompile>
    <ClCompile Include="..\..\Src\Utils\d3dUtil.cpp">
      <Filter>Src\Utils</Filter>
    </ClCompile>
    <ClCompile Include="..\..\Src\Utils\GameTimer.cpp">
      <Filter>Src\Utils</Filter>
    </ClCompile>
    <ClCompile Include="..\..\Src\Utils\Keyboard.cpp">
      <Filter>Src\Utils</Filter>
    </ClCompile>
    <ClCompile Include="..\..\Src\Utils\Model.cpp">
      <Filter>Src\Utils</Filter>
    </ClCompile>
    <ClCompile Include="..\..\Src\Utils\Mouse.cpp">
      <Filter>Src\Utils</Filter>
    </ClCompile>
    <ClCompile Include="..\..\Src\Utils\ObjReader.cpp">
      <Filter>Src\Utils</Filter>
    </ClCompile>
    <ClCompile Include="..\..\Src\Utils\ScreenGrab.cpp">
      <Filter>Src\Utils</Filter>
    </ClCompile>
    <ClCompile Include="..\..\Src\GameApp.cpp">
      <Filter>Src</Filter>
    </ClCompile>
    <ClCompile Include="..\..\Src\Main.cpp">
      <Filter>Src</Filter>
    </ClCompile>
    <ClCompile Include="..\..\Src\Graphics\RenderStates.cpp">
      <Filter>Src\Graphics</Filter>
    </ClCompile>
    <ClCompile Include="..\..\Src\Graphics\Vertex.cpp">
      <Filter>Src\Graphics</Filter>
    </ClCompile>
    <ClCompile Include="..\..\Src\Utils\DXTrace.cpp">
      <Filter>Src\Utils</Filter>
    </ClCompile>
    <ClCompile Include="..\..\ThirdParty\Imgui\src\imgui.cpp">
      <Filter>Src\Imgui</Filter>
    </ClCompile>
    <ClCompile Include="..\..\ThirdParty\Imgui\src\imgui_demo.cpp">
      <Filter>Src\Imgui</Filter>
    </ClCompile>
    <ClCompile Include="..\..\ThirdParty\Imgui\src\imgui_draw.cpp">
      <Filter>Src\Imgui</Filter>
    </ClCompile>
    <ClCompile Include="..\..\ThirdParty\Imgui\src\imgui_impl_dx11.cpp">
      <Filter>Src\Imgui</Filter>
    </ClCompile>
    <ClCompile Include="..\..\ThirdParty\Imgui\src\imgui_impl_win32.cpp">
      <Filter>Src\Imgui</Filter>
    </ClCompile>
    <ClCompile Include="..\..\ThirdParty\Imgui\src\imgui_tables.cpp">
      <Filter>Src\Imgui</Filter>
    </ClCompile>
    <ClCompile Include="..\..\ThirdParty\Imgui\src\imgui_widgets.cpp">
      <Filter>Src\Imgui</Filter>
    </ClCompile>
    <ClCompile Include="..\..\Src\Effect\PointSpriteRender.cpp">
      <Filter>Src\Effect</Filter>
    </ClCompile>
    <ClCompile Include="..\..\Src\Hierarchy\FluidSystem.cpp">
      <Filter>Src\Hierarchy</Filter>
    </ClCompile>
    <ClCompile Include="..\..\Src\Effect\PointSpriteEffect.cpp">
      <Filter>Src\Effect</Filter>
    </ClCompile>
    <ClCompile Include="..\..\Src\Hierarchy\CameraController.cpp">
      <Filter>Src\Hierarchy</Filter>
    </ClCompile>
    <ClCompile Include="..\..\Src\Graphics\Texture2D.cpp">
      <Filter>Src\Graphics</Filter>
    </ClCompile>
    <ClCompile Include="..\..\Src\Effect\NeighborSearchEffect.cpp">
      <Filter>Src\Effect</Filter>
    </ClCompile>
    <ClCompile Include="..\..\Src\Effect\NeighborSearch.cpp">
      <Filter>Src\Effect</Filter>
    </ClCompile>
  </ItemGroup>
  <ItemGroup>
    <ClInclude Include="..\..\Src\GameApp.h">
      <Filter>Src</Filter>
    </ClInclude>
    <ClInclude Include="..\..\Include\Component\Camera.h">
      <Filter>Include\Component</Filter>
    </ClInclude>
    <ClInclude Include="..\..\Include\Component\LightHelper.h">
      <Filter>Include\Component</Filter>
    </ClInclude>
    <ClInclude Include="..\..\Include\Component\Transform.h">
      <Filter>Include\Component</Filter>
    </ClInclude>
    <ClInclude Include="..\..\Include\Effect\EffectHelper.h">
      <Filter>Include\Effect</Filter>
    </ClInclude>
    <ClInclude Include="..\..\Include\Effect\Effects.h">
      <Filter>Include\Effect</Filter>
    </ClInclude>
    <ClInclude Include="..\..\Include\Effect\SkyRender.h">
      <Filter>Include\Effect</Filter>
    </ClInclude>
    <ClInclude Include="..\..\Include\Graphics\d3dApp.h">
      <Filter>Include\Graphics</Filter>
    </ClInclude>
    <ClInclude Include="..\..\Include\Graphics\DDSTextureLoader.h">
      <Filter>Include\Graphics</Filter>
    </ClInclude>
    <ClInclude Include="..\..\Include\Graphics\WICTextureLoader.h">
      <Filter>Include\Graphics</Filter>
    </ClInclude>
    <ClInclude Include="..\..\Include\Hierarchy\GameObject.h">
      <Filter>Include\Hierarchy</Filter>
    </ClInclude>
    <ClInclude Include="..\..\Include\Utils\Collision.h">
      <Filter>Include\Utils</Filter>
    </ClInclude>
    <ClInclude Include="..\..\Include\Utils\d3dUtil.h">
      <Filter>Include\Utils</Filter>
    </ClInclude>
    <ClInclude Include="..\..\Include\Utils\GameTimer.h">
      <Filter>Include\Utils</Filter>
    </ClInclude>
    <ClInclude Include="..\..\Include\Utils\Geometry.h">
      <Filter>Include\Utils</Filter>
    </ClInclude>
    <ClInclude Include="..\..\Include\Utils\Keyboard.h">
      <Filter>Include\Utils</Filter>
    </ClInclude>
    <ClInclude Include="..\..\Include\Utils\Model.h">
      <Filter>Include\Utils</Filter>
    </ClInclude>
    <ClInclude Include="..\..\Include\Utils\Mouse.h">
      <Filter>Include\Utils</Filter>
    </ClInclude>
    <ClInclude Include="..\..\Include\Utils\ObjReader.h">
      <Filter>Include\Utils</Filter>
    </ClInclude>
    <ClInclude Include="..\..\Include\Utils\ScreenGrab.h">
      <Filter>Include\Utils</Filter>
    </ClInclude>
    <ClInclude Include="..\..\Include\Graphics\RenderStates.h">
      <Filter>Include\Graphics</Filter>
    </ClInclude>
    <ClInclude Include="..\..\Include\Graphics\Vertex.h">
      <Filter>Include\Graphics</Filter>
    </ClInclude>
    <ClInclude Include="..\..\Include\Utils\DXTrace.h">
      <Filter>Include\Utils</Filter>
    </ClInclude>
    <ClInclude Include="..\..\Include\Effect\PointSpriteRender.h">
      <Filter>Include\Effect</Filter>
    </ClInclude>
    <ClInclude Include="..\..\Include\Hierarchy\FluidSystem.h">
      <Filter>Include\Hierarchy</Filter>
    </ClInclude>
    <ClInclude Include="..\..\Include\Hierarchy\CameraController.h">
      <Filter>Include\Hierarchy</Filter>
    </ClInclude>
    <ClInclude Include="..\..\Include\Graphics\Texture2D.h">
      <Filter>Include\Graphics</Filter>
    </ClInclude>
    <ClInclude Include="..\..\Include\Effect\NeighborSearch.h">
      <Filter>Include\Effect</Filter>
    </ClInclude>
  </ItemGroup>
  <ItemGroup>
    <None Include="..\..\Include\HLSL\Fluid\FliudCommon.hlsli">
      <Filter>Include\HLSL\FluidEffect</Filter>
    </None>
    <None Include="..\..\Include\HLSL\Basic.hlsli">
      <Filter>Include\HLSL\BasicEffect</Filter>
    </None>
    <None Include="..\..\Include\HLSL\LightHelper.hlsli">
      <Filter>Include\HLSL\BasicEffect</Filter>
    </None>
    <None Include="..\..\Include\HLSL\Sky.hlsli">
      <Filter>Include\HLSL\SkyEffect</Filter>
    </None>
    <None Include="..\..\Include\HLSL\Fluid\NerghborSearchCommon.hlsli">
      <Filter>Include\HLSL\FluidEffect</Filter>
    </None>
  </ItemGroup>
  <ItemGroup>
    <FxCompile Include="..\..\Include\HLSL\Fluid\PointSprite_GS.hlsl">
      <Filter>Include\HLSL\FluidEffect</Filter>
    </FxCompile>
    <FxCompile Include="..\..\Include\HLSL\Fluid\PointSpriteDepth_PS.hlsl">
      <Filter>Include\HLSL\FluidEffect</Filter>
    </FxCompile>
    <FxCompile Include="..\..\Include\HLSL\Fluid\PointSprite_VS.hlsl">
      <Filter>Include\HLSL\FluidEffect</Filter>
    </FxCompile>
    <FxCompile Include="..\..\Include\HLSL\NormalMapObject_VS.hlsl">
      <Filter>Include\HLSL\BasicEffect</Filter>
    </FxCompile>
    <FxCompile Include="..\..\Include\HLSL\NormalMapInstance_VS.hlsl">
      <Filter>Include\HLSL\BasicEffect</Filter>
    </FxCompile>
    <FxCompile Include="..\..\Include\HLSL\NormalMap_PS.hlsl">
      <Filter>Include\HLSL\BasicEffect</Filter>
    </FxCompile>
    <FxCompile Include="..\..\Include\HLSL\DisplacementMapObject_VS.hlsl">
      <Filter>Include\HLSL\BasicEffect</Filter>
    </FxCompile>
    <FxCompile Include="..\..\Include\HLSL\DisplacementMap_HS.hlsl">
      <Filter>Include\HLSL\BasicEffect</Filter>
    </FxCompile>
    <FxCompile Include="..\..\Include\HLSL\DisplacementMapInstance_VS.hlsl">
      <Filter>Include\HLSL\BasicEffect</Filter>
    </FxCompile>
    <FxCompile Include="..\..\Include\HLSL\DisplacementMap_DS.hlsl">
      <Filter>Include\HLSL\BasicEffect</Filter>
    </FxCompile>
    <FxCompile Include="..\..\Include\HLSL\BasicObject_VS.hlsl">
      <Filter>Include\HLSL\BasicEffect</Filter>
    </FxCompile>
    <FxCompile Include="..\..\Include\HLSL\BasicInstance_VS.hlsl">
      <Filter>Include\HLSL\BasicEffect</Filter>
    </FxCompile>
    <FxCompile Include="..\..\Include\HLSL\Basic_PS.hlsl">
      <Filter>Include\HLSL\BasicEffect</Filter>
    </FxCompile>
    <FxCompile Include="..\..\Include\HLSL\Sky_PS.hlsl">
      <Filter>Include\HLSL\SkyEffect</Filter>
    </FxCompile>
    <FxCompile Include="..\..\Include\HLSL\Sky_VS.hlsl">
      <Filter>Include\HLSL\SkyEffect</Filter>
    </FxCompile>
    <FxCompile Include="..\..\Include\HLSL\Fluid\PointSprite_PS.hlsl">
      <Filter>Include\HLSL\FluidEffect</Filter>
    </FxCompile>
    <FxCompile Include="..\..\Include\HLSL\Fluid\CalcHash_CS.hlsl">
      <Filter>Include\HLSL\FluidEffect</Filter>
    </FxCompile>
    <FxCompile Include="..\..\Include\HLSL\Fluid\RadixSortCount_CS.hlsl">
      <Filter>Include\HLSL\FluidEffect</Filter>
    </FxCompile>
    <FxCompile Include="..\..\Include\HLSL\Fluid\RadixSortCountersPrefix_CS.hlsl">
      <Filter>Include\HLSL\FluidEffect</Filter>
    </FxCompile>
    <FxCompile Include="..\..\Include\HLSL\Fluid\RadixSortDispatch_CS.hlsl">
      <Filter>Include\HLSL\FluidEffect</Filter>
    </FxCompile>
  </ItemGroup>
</Project>